
Microsoft Visual Studio Solution File, Format Version 12.00
# Visual Studio 2012
Project("{F184B08F-C81C-45F6-A57F-5ABD9991F28F}") = "sisventas", "sisventas\sisventas.vbproj", "{47828B1D-866B-4788-8C10-81F97ED3B739}"
EndProject
Global
	GlobalSection(SolutionConfigurationPlatforms) = preSolution
		Debug|Any CPU = Debug|Any CPU
		Release|Any CPU = Release|Any CPU
	EndGlobalSection
	GlobalSection(ProjectConfigurationPlatforms) = postSolution
		{47828B1D-866B-4788-8C10-81F97ED3B739}.Debug|Any CPU.ActiveCfg = Debug|Any CPU
		{47828B1D-866B-4788-8C10-81F97ED3B739}.Debug|Any CPU.Build.0 = Debug|Any CPU
		{47828B1D-866B-4788-8C10-81F97ED3B739}.Release|Any CPU.ActiveCfg = Release|Any CPU
		{47828B1D-866B-4788-8C10-81F97ED3B739}.Release|Any CPU.Build.0 = Release|Any CPU
	EndGlobalSection
	GlobalSection(SolutionProperties) = preSolution
		HideSolutionNode = FALSE
	EndGlobalSection
EndGlobal
